
Microsoft Visual Studio Solution File, Format Version 12.00
# Visual Studio Version 17
VisualStudioVersion = 17.4.33205.214
MinimumVisualStudioVersion = 10.0.40219.1
Project("{9A19103F-16F7-4668-BE54-9A1E7A4F7556}") = "WiktionaryDecodeTest1", "WiktionaryDecodeTest1\WiktionaryDecodeTest1.csproj", "{3ECFB822-E8A5-4342-8F4D-BA4CCF7C0C74}"
EndProject
Global
	GlobalSection(SolutionConfigurationPlatforms) = preSolution
		Debug|Any CPU = Debug|Any CPU
		Debug|x64 = Debug|x64
		Release|Any CPU = Release|Any CPU
		Release|x64 = Release|x64
	EndGlobalSection
	GlobalSection(ProjectConfigurationPlatforms) = postSolution
		{3ECFB822-E8A5-4342-8F4D-BA4CCF7C0C74}.Debug|Any CPU.ActiveCfg = Debug|Any CPU
		{3ECFB822-E8A5-4342-8F4D-BA4CCF7C0C74}.Debug|Any CPU.Build.0 = Debug|Any CPU
		{3ECFB822-E8A5-4342-8F4D-BA4CCF7C0C74}.Debug|x64.ActiveCfg = Debug|x64
		{3ECFB822-E8A5-4342-8F4D-BA4CCF7C0C74}.Debug|x64.Build.0 = Debug|x64
		{3ECFB822-E8A5-4342-8F4D-BA4CCF7C0C74}.Release|Any CPU.ActiveCfg = Release|Any CPU
		{3ECFB822-E8A5-4342-8F4D-BA4CCF7C0C74}.Release|Any CPU.Build.0 = Release|Any CPU
		{3ECFB822-E8A5-4342-8F4D-BA4CCF7C0C74}.Release|x64.ActiveCfg = Release|x64
		{3ECFB822-E8A5-4342-8F4D-BA4CCF7C0C74}.Release|x64.Build.0 = Release|x64
	EndGlobalSection
	GlobalSection(SolutionProperties) = preSolution
		HideSolutionNode = FALSE
	EndGlobalSection
	GlobalSection(ExtensibilityGlobals) = postSolution
		SolutionGuid = {01F674C2-A3E6-43FF-AC70-5EF80443213A}
	EndGlobalSection
EndGlobal
